<?xml version="1.0" encoding="utf-8"?>
<Project ToolsVersion="4.0" xmlns="http://schemas.microsoft.com/developer/msbuild/2003">
  <ItemGroup>
    <Filter Include="Source Files">
      <UniqueIdentifier>{4FC737F1-C7A5-4376-A066-2A32D752A2FF}</UniqueIdentifier>
      <Extensions>cpp;c;cc;cxx;c++;cppm;ixx;def;odl;idl;hpj;bat;asm;asmx</Extensions>
    </Filter>
    <Filter Include="Resource Files">
      <UniqueIdentifier>{67DA6AB6-F800-4c08-8B7A-83BB121AAD01}</UniqueIdentifier>
      <Extensions>rc;ico;cur;bmp;dlg;rc2;rct;bin;rgs;gif;jpg;jpeg;jpe;resx;tiff;tif;png;wav;mfcribbon-ms</Extensions>
    </Filter>
    <Filter Include="Header Files">
      <UniqueIdentifier>{d2c1c706-3c0d-4cc4-82f5-e225318c886e}</UniqueIdentifier>
    </Filter>
  </ItemGroup>
  <ItemGroup>
    <ClCompile Include="Main.cpp">
      <Filter>Source Files</Filter>
    </ClCompile>
    <ClCompile Include="GiftCards\AllProductsGiftCard\AllProductsGiftCard.cpp">
      <Filter>Source Files</Filter>
    </ClCompile>
    <ClCompile Include="GiftCards\BaseGiftCard\BaseGiftCard.cpp">
      <Filter>Source Files</Filter>
    </ClCompile>
    <ClCompile Include="GiftCards\MultipleCategoryGiftCard\MultipleCategoryGiftCard.cpp">
      <Filter>Source Files</Filter>
    </ClCompile>
    <ClCompile Include="GiftCards\SingleCategoryGiftCard\SingleCategoryGiftCard.cpp">
      <Filter>Source Files</Filter>
    </ClCompile>
    <ClCompile Include="Products\BaseProduct\BaseProduct.cpp">
      <Filter>Source Files</Filter>
    </ClCompile>
    <ClCompile Include="Products\ProductByUnit\ProductByUnit.cpp">
      <Filter>Source Files</Filter>
    </ClCompile>
    <ClCompile Include="Products\ProductByWeight\ProductByWeight.cpp">
      <Filter>Source Files</Filter>
    </ClCompile>
    <ClCompile Include="Utils\MyStructures\MyString.cpp">
      <Filter>Source Files</Filter>
    </ClCompile>
    <ClCompile Include="Workers\BaseWorker\BaseWorker.cpp">
      <Filter>Source Files</Filter>
    </ClCompile>
    <ClCompile Include="Workers\Cashier\Cashier.cpp">
      <Filter>Source Files</Filter>
    </ClCompile>
    <ClCompile Include="Workers\Manager\Manager.cpp">
      <Filter>Source Files</Filter>
    </ClCompile>
    <ClCompile Include="SupermarketSystem\SupermarketSystem.cpp">
      <Filter>Source Files</Filter>
    </ClCompile>
    <ClCompile Include="Utils\ClassHelpers\Category\Category.cpp">
      <Filter>Source Files</Filter>
    </ClCompile>
    <ClCompile Include="Utils\ClassHelpers\Warning\Warning.cpp">
      <Filter>Source Files</Filter>
    </ClCompile>
    <ClCompile Include="Utils\ClassHelpers\Other\CodeGenerator.hpp">
      <Filter>Header Files</Filter>
    </ClCompile>
    <ClCompile Include="Transaction\Transaction.cpp">
      <Filter>Source Files</Filter>
    </ClCompile>
    <ClCompile Include="SystemFileManager.hpp">
      <Filter>Header Files</Filter>
    </ClCompile>
  </ItemGroup>
  <ItemGroup>
    <ClInclude Include="GiftCards\AllProductsGiftCard\AllProductsGiftCard.h">
      <Filter>Header Files</Filter>
    </ClInclude>
    <ClInclude Include="GiftCards\BaseGiftCard\BaseGiftCard.h">
      <Filter>Header Files</Filter>
    </ClInclude>
    <ClInclude Include="Products\BaseProduct\BaseProduct.h">
      <Filter>Header Files</Filter>
    </ClInclude>
    <ClInclude Include="Workers\BaseWorker\BaseWorker.h">
      <Filter>Header Files</Filter>
    </ClInclude>
    <ClInclude Include="Workers\Cashier\Cashier.h">
      <Filter>Header Files</Filter>
    </ClInclude>
    <ClInclude Include="Workers\Manager\Manager.h">
      <Filter>Header Files</Filter>
    </ClInclude>
    <ClInclude Include="GiftCards\MultipleCategoryGiftCard\MultipleCategoryGiftCard.h">
      <Filter>Header Files</Filter>
    </ClInclude>
    <ClInclude Include="Utils\MyStructures\MyString.h">
      <Filter>Header Files</Filter>
    </ClInclude>
    <ClInclude Include="Products\ProductByUnit\ProductByUnit.h">
      <Filter>Header Files</Filter>
    </ClInclude>
    <ClInclude Include="Products\ProductByWeight\ProductByWeight.h">
      <Filter>Header Files</Filter>
    </ClInclude>
    <ClInclude Include="GiftCards\SingleCategoryGiftCard\SingleCategoryGiftCard.h">
      <Filter>Header Files</Filter>
    </ClInclude>
    <ClInclude Include="Utils\ClassHelpers\Category\Category.h">
      <Filter>Header Files</Filter>
    </ClInclude>
    <ClInclude Include="Utils\ClassHelpers\Other\IntegerFunction.hpp">
      <Filter>Header Files</Filter>
    </ClInclude>
    <ClInclude Include="Utils\ClassHelpers\Other\Random.hpp">
      <Filter>Header Files</Filter>
    </ClInclude>
    <ClInclude Include="SupermarketSystem\SupermarketSystem.h">
      <Filter>Header Files</Filter>
    </ClInclude>
    <ClInclude Include="Utils\ClassHelpers\Warning\Warning.h">
      <Filter>Header Files</Filter>
    </ClInclude>
    <ClInclude Include="Utils\ClassHelpers\Warning\WarningLevel.hpp">
      <Filter>Header Files</Filter>
    </ClInclude>
    <ClInclude Include="Utils\ClassHelpers\Other\TypeManager.hpp">
      <Filter>Header Files</Filter>
    </ClInclude>
    <ClInclude Include="Utils\ClassHelpers\Other\CountManager.hpp">
      <Filter>Header Files</Filter>
    </ClInclude>
    <ClInclude Include="Transaction\Transaction.h">
      <Filter>Header Files</Filter>
    </ClInclude>
    <ClInclude Include="Utils\ClassHelpers\Other\ReceiptCreator.hpp">
      <Filter>Header Files</Filter>
    </ClInclude>
    <ClInclude Include="Utils\MyStructures\Vector.hpp">
      <Filter>Header Files</Filter>
    </ClInclude>
    <ClInclude Include="UserUI.hpp">
      <Filter>Header Files</Filter>
    </ClInclude>
  </ItemGroup>
</Project>